{
    "_readme": [
        "This file locks the dependencies of your project to a known state",
        "Read more about it at https://getcomposer.org/doc/01-basic-usage.md#composer-lock-the-lock-file",
        "This file is @generated automatically"
    ],
    "hash": "ca5d74543285f77fae21868a8d7a995c",
    "packages": [
        {
            "name": "apache/log4php",
            "version": "2.3.0",
            "source": {
                "type": "git",
                "url": "https://github.com/apache/logging-log4php.git",
                "reference": "cac428b6f67d2035af39784da1d1a299ef42fcf2"
            },
            "dist": {
                "type": "zip",
                "url": "https://api.github.com/repos/apache/logging-log4php/zipball/cac428b6f67d2035af39784da1d1a299ef42fcf2",
                "reference": "cac428b6f67d2035af39784da1d1a299ef42fcf2",
                "shasum": ""
            },
            "require": {
                "php": ">=5.2.7"
            },
            "type": "library",
            "autoload": {
                "classmap": [
                    "src/main/php/"
                ]
            },
            "license": [
                "Apache-2.0"
            ],
            "description": "A versatile logging framework for PHP",
            "homepage": "http://logging.apache.org/log4php/",
            "keywords": [
                "log",
                "logging",
                "php"
            ],
            "support": {
                "issues": "https://issues.apache.org/jira/browse/LOG4PHP",
                "source": "https://svn.apache.org/repos/asf/logging/log4php",
                "email": "log4php-user@logging.apache.org"
            },
            "time": "2012-10-26 09:13:25"
        },
        {
            "name": "todopago/php-sdk",
            "version": "V1.8.4",
            "source": {
                "type": "git",
                "url": "https://github.com/TodoPago/SDK-PHP.git",
                "reference": "703bd6fc8b734c08e8121d07ede0b68f247a2e1d"
            },
            "dist": {
                "type": "zip",
                "url": "https://api.github.com/repos/TodoPago/SDK-PHP/zipball/703bd6fc8b734c08e8121d07ede0b68f247a2e1d",
                "reference": "703bd6fc8b734c08e8121d07ede0b68f247a2e1d",
                "shasum": ""
            },
            "require": {
                "php": ">=5.3"
            },
            "type": "library",
            "autoload": {
                "psr-4": {
                    "TodoPago\\": "TodoPago/lib"
                }
            },
            "notification-url": "https://packagist.org/downloads/",
            "description": "SDK para TodoPago",
            "time": "2017-03-09 16:32:35"
        }
    ],
    "packages-dev": [],
    "aliases": [],
    "minimum-stability": "stable",
    "stability-flags": [],
    "prefer-stable": false,
    "prefer-lowest": false,
    "platform": [],
    "platform-dev": []
}
